
Microsoft Visual Studio Solution File, Format Version 12.00
# Visual Studio Version 17
VisualStudioVersion = 17.2.32602.215
MinimumVisualStudioVersion = 10.0.40219.1
Project("{FAE04EC0-301F-11D3-BF4B-00C04F79EFBC}") = "ElectronicShop", "ElectronicShop\ElectronicShop.csproj", "{4B87AF98-5A20-4229-8972-26EC5F012DEE}"
EndProject
Global
	GlobalSection(SolutionConfigurationPlatforms) = preSolution
		Debug|Any CPU = Debug|Any CPU
		Release|Any CPU = Release|Any CPU
	EndGlobalSection
	GlobalSection(ProjectConfigurationPlatforms) = postSolution
		{4B87AF98-5A20-4229-8972-26EC5F012DEE}.Debug|Any CPU.ActiveCfg = Debug|Any CPU
		{4B87AF98-5A20-4229-8972-26EC5F012DEE}.Debug|Any CPU.Build.0 = Debug|Any CPU
		{4B87AF98-5A20-4229-8972-26EC5F012DEE}.Release|Any CPU.ActiveCfg = Release|Any CPU
		{4B87AF98-5A20-4229-8972-26EC5F012DEE}.Release|Any CPU.Build.0 = Release|Any CPU
	EndGlobalSection
	GlobalSection(SolutionProperties) = preSolution
		HideSolutionNode = FALSE
	EndGlobalSection
	GlobalSection(ExtensibilityGlobals) = postSolution
		SolutionGuid = {C67219CA-80AF-402F-B5A0-EEF331246343}
	EndGlobalSection
EndGlobal
